
Microsoft Visual Studio Solution File, Format Version 11.00
# Visual Studio 2010
Project("{8BC9CEB8-8B4A-11D0-8D11-00A0C91BC942}") = "libcomponents", "swiee\components\libcomponents.vcxproj", "{AFD55873-B853-844C-45CA-1C832CBD5B4E}"
EndProject
Project("{8BC9CEB8-8B4A-11D0-8D11-00A0C91BC942}") = "libdiagrams", "swiee\diagrams\libdiagrams.vcxproj", "{635D2C23-9245-98EF-6741-B32144223FDB}"
EndProject
Project("{8BC9CEB8-8B4A-11D0-8D11-00A0C91BC942}") = "libdialogs", "swiee\dialogs\libdialogs.vcxproj", "{1CD4BB5B-9CF4-6260-D89B-AFD5411C5F76}"
EndProject
Project("{8BC9CEB8-8B4A-11D0-8D11-00A0C91BC942}") = "libpaintings", "swiee\paintings\libpaintings.vcxproj", "{FDE6D835-9659-C0D2-5460-74868895F597}"
EndProject
Project("{8BC9CEB8-8B4A-11D0-8D11-00A0C91BC942}") = "swiee", "swiee\swiee.vcxproj", "{F694D355-2120-BD00-27A3-AFF92EED1E80}"
	ProjectSection(ProjectDependencies) = postProject
		{AFD55873-B853-844C-45CA-1C832CBD5B4E} = {AFD55873-B853-844C-45CA-1C832CBD5B4E}
		{635D2C23-9245-98EF-6741-B32144223FDB} = {635D2C23-9245-98EF-6741-B32144223FDB}
		{FDE6D835-9659-C0D2-5460-74868895F597} = {FDE6D835-9659-C0D2-5460-74868895F597}
	EndProjectSection
EndProject
Global
	GlobalSection(SolutionConfigurationPlatforms) = preSolution
		Debug|Win32 = Debug|Win32
		Release|Win32 = Release|Win32
		Template|Win32 = Template|Win32
	EndGlobalSection
	GlobalSection(ProjectConfigurationPlatforms) = postSolution
		{AFD55873-B853-844C-45CA-1C832CBD5B4E}.Debug|Win32.ActiveCfg = Debug|Win32
		{AFD55873-B853-844C-45CA-1C832CBD5B4E}.Debug|Win32.Build.0 = Debug|Win32
		{AFD55873-B853-844C-45CA-1C832CBD5B4E}.Release|Win32.ActiveCfg = Release|Win32
		{AFD55873-B853-844C-45CA-1C832CBD5B4E}.Release|Win32.Build.0 = Release|Win32
		{AFD55873-B853-844C-45CA-1C832CBD5B4E}.Template|Win32.ActiveCfg = Release|Win32
		{AFD55873-B853-844C-45CA-1C832CBD5B4E}.Template|Win32.Build.0 = Release|Win32
		{635D2C23-9245-98EF-6741-B32144223FDB}.Debug|Win32.ActiveCfg = Debug|Win32
		{635D2C23-9245-98EF-6741-B32144223FDB}.Release|Win32.ActiveCfg = Release|Win32
		{635D2C23-9245-98EF-6741-B32144223FDB}.Release|Win32.Build.0 = Release|Win32
		{635D2C23-9245-98EF-6741-B32144223FDB}.Template|Win32.ActiveCfg = Template|Win32
		{635D2C23-9245-98EF-6741-B32144223FDB}.Template|Win32.Build.0 = Template|Win32
		{1CD4BB5B-9CF4-6260-D89B-AFD5411C5F76}.Debug|Win32.ActiveCfg = Debug|Win32
		{1CD4BB5B-9CF4-6260-D89B-AFD5411C5F76}.Release|Win32.ActiveCfg = Release|Win32
		{1CD4BB5B-9CF4-6260-D89B-AFD5411C5F76}.Release|Win32.Build.0 = Release|Win32
		{1CD4BB5B-9CF4-6260-D89B-AFD5411C5F76}.Template|Win32.ActiveCfg = Template|Win32
		{1CD4BB5B-9CF4-6260-D89B-AFD5411C5F76}.Template|Win32.Build.0 = Template|Win32
		{FDE6D835-9659-C0D2-5460-74868895F597}.Debug|Win32.ActiveCfg = Debug|Win32
		{FDE6D835-9659-C0D2-5460-74868895F597}.Release|Win32.ActiveCfg = Release|Win32
		{FDE6D835-9659-C0D2-5460-74868895F597}.Release|Win32.Build.0 = Release|Win32
		{FDE6D835-9659-C0D2-5460-74868895F597}.Template|Win32.ActiveCfg = Template|Win32
		{FDE6D835-9659-C0D2-5460-74868895F597}.Template|Win32.Build.0 = Template|Win32
		{F694D355-2120-BD00-27A3-AFF92EED1E80}.Debug|Win32.ActiveCfg = Debug|Win32
		{F694D355-2120-BD00-27A3-AFF92EED1E80}.Debug|Win32.Build.0 = Debug|Win32
		{F694D355-2120-BD00-27A3-AFF92EED1E80}.Release|Win32.ActiveCfg = Release|Win32
		{F694D355-2120-BD00-27A3-AFF92EED1E80}.Release|Win32.Build.0 = Release|Win32
		{F694D355-2120-BD00-27A3-AFF92EED1E80}.Template|Win32.ActiveCfg = Template|Win32
		{F694D355-2120-BD00-27A3-AFF92EED1E80}.Template|Win32.Build.0 = Template|Win32
	EndGlobalSection
	GlobalSection(SolutionProperties) = preSolution
		HideSolutionNode = FALSE
	EndGlobalSection
EndGlobal
